
Microsoft Visual Studio Solution File, Format Version 12.00
# Visual Studio Version 17
VisualStudioVersion = 17.0.31808.319
MinimumVisualStudioVersion = 10.0.40219.1
Project("{FAE04EC0-301F-11D3-BF4B-00C04F79EFBC}") = "PhoneNumbersNA", "PhoneNumbersNA.csproj", "{60789C93-B343-4849-B618-34EEA0BE324E}"
EndProject
Project("{FAE04EC0-301F-11D3-BF4B-00C04F79EFBC}") = "PhoneNumbersNA.Test", "..\PhoneNumbersNA.Test\PhoneNumbersNA.Test.csproj", "{6F92949C-FCE1-4727-B3C7-3DDE98AEC660}"
EndProject
Global
	GlobalSection(SolutionConfigurationPlatforms) = preSolution
		Debug|Any CPU = Debug|Any CPU
		Release|Any CPU = Release|Any CPU
	EndGlobalSection
	GlobalSection(ProjectConfigurationPlatforms) = postSolution
		{60789C93-B343-4849-B618-34EEA0BE324E}.Debug|Any CPU.ActiveCfg = Debug|Any CPU
		{60789C93-B343-4849-B618-34EEA0BE324E}.Debug|Any CPU.Build.0 = Debug|Any CPU
		{60789C93-B343-4849-B618-34EEA0BE324E}.Release|Any CPU.ActiveCfg = Release|Any CPU
		{60789C93-B343-4849-B618-34EEA0BE324E}.Release|Any CPU.Build.0 = Release|Any CPU
		{6F92949C-FCE1-4727-B3C7-3DDE98AEC660}.Debug|Any CPU.ActiveCfg = Debug|Any CPU
		{6F92949C-FCE1-4727-B3C7-3DDE98AEC660}.Debug|Any CPU.Build.0 = Debug|Any CPU
		{6F92949C-FCE1-4727-B3C7-3DDE98AEC660}.Release|Any CPU.ActiveCfg = Release|Any CPU
		{6F92949C-FCE1-4727-B3C7-3DDE98AEC660}.Release|Any CPU.Build.0 = Release|Any CPU
	EndGlobalSection
	GlobalSection(SolutionProperties) = preSolution
		HideSolutionNode = FALSE
	EndGlobalSection
	GlobalSection(ExtensibilityGlobals) = postSolution
		SolutionGuid = {A580D86D-6C9E-4BBE-9440-674522A15C66}
	EndGlobalSection
EndGlobal
